github.com/pchchv/golog v1.0.1 h1:241Zy/DP9XDvQO42fOnxjfhSSE+J/uOs8oayoaUuDVk=
github.com/pchchv/golog v1.0.1/go.mod h1:uzMg2LZ1U+/0rCIiHawZ8nvV07jgrpFz/ZdrUWYLa8w=
golang.org/x/sys v0.5.0 h1:MUK/U/4lj1t1oPg0HfuXDN/Z1wv31ZJ/YcPiGccS4DU=
golang.org/x/sys v0.5.0/go.mod h1:oPkhp1MJrh7nUepCBck5+mAzfO9JrbApNNgaTdGDITg=
